{
  "name": "hello-world",
  "version": "1.0.0",
  "lockfileVersion": 1,
  "requires": true,
  "dependencies": {
    "ask-sdk-core": {
      "version": "2.0.10",
      "resolved": "https://registry.npmjs.org/ask-sdk-core/-/ask-sdk-core-2.0.10.tgz",
      "integrity": "sha512-F3Sy7POfWV5sj1blRIwg9NCXePeN3jpYrlTEPOG69GqoJrn9foF4NwTmjA5DgyzYaXO62QKNY2mUAO5SkFWZWA=="
    },
    "ask-sdk-model": {
      "version": "1.6.0",
      "resolved": "https://registry.npmjs.org/ask-sdk-model/-/ask-sdk-model-1.6.0.tgz",
      "integrity": "sha512-M6y3+A+G0yRIlMB+3lQKXhly4abyphzSmVzWyMPgSk8/VoTFpzi5EdzfYFrewMzVPfNnwGP0pUimfMxZkazqCg=="
    }
  }
}
